
Microsoft Visual Studio Solution File, Format Version 12.00
# Visual Studio Version 17
VisualStudioVersion = 17.8.34330.188
MinimumVisualStudioVersion = 10.0.40219.1
Project("{9A19103F-16F7-4668-BE54-9A1E7A4F7556}") = "LS.SCO.Plugin.Adapter", "LS.SCO.Plugin.Adapter\LS.SCO.Plugin.Adapter.csproj", "{A53445A7-4A3C-40DA-9B16-CF6BCE14EE78}"
EndProject
Project("{9A19103F-16F7-4668-BE54-9A1E7A4F7556}") = "LS.SCO.Plugin.Service", "LS.SCO.Plugin.Service\LS.SCO.Plugin.Service.csproj", "{C0F05420-1E55-4F5F-97AB-82EDE0900331}"
EndProject
Project("{FAE04EC0-301F-11D3-BF4B-00C04F79EFBC}") = "LS.SCO.Plugin.WpfDeviceSimulator", "LS.SCO.Plugin.WpfDeviceSimulator\LS.SCO.Plugin.WpfDeviceSimulator.csproj", "{06B23BB7-3C82-46DA-8DE7-41CECB9FF97E}"
EndProject
Project("{FAE04EC0-301F-11D3-BF4B-00C04F79EFBC}") = "Onnio.PaymentService", "Onnio.PaymentService\Onnio.PaymentService.csproj", "{6E501B76-6143-40FD-B5CF-A44FF5420ED7}"
EndProject
Project("{FAE04EC0-301F-11D3-BF4B-00C04F79EFBC}") = "Onnio.BcIntegrator", "Onnio.BcIntegrator\Onnio.BcIntegrator.csproj", "{B83AD80C-BFC0-46FB-8B7F-CC152E29A031}"
EndProject
Project("{FAE04EC0-301F-11D3-BF4B-00C04F79EFBC}") = "Onnio.ConfigurationService", "Onnio.ConfigService\Onnio.ConfigurationService.csproj", "{960B32A8-6B08-4229-B952-D4EB06E4CD64}"
EndProject
Project("{FAE04EC0-301F-11D3-BF4B-00C04F79EFBC}") = "Onnio.LoggingService", "Onnio.LoggingService\Onnio.LoggingService.csproj", "{0ED6FF41-1798-4FF8-9E54-3F9D216B835A}"
EndProject
Global
	GlobalSection(SolutionConfigurationPlatforms) = preSolution
		Debug|Any CPU = Debug|Any CPU
		Release|Any CPU = Release|Any CPU
	EndGlobalSection
	GlobalSection(ProjectConfigurationPlatforms) = postSolution
		{A53445A7-4A3C-40DA-9B16-CF6BCE14EE78}.Debug|Any CPU.ActiveCfg = Debug|Any CPU
		{A53445A7-4A3C-40DA-9B16-CF6BCE14EE78}.Debug|Any CPU.Build.0 = Debug|Any CPU
		{A53445A7-4A3C-40DA-9B16-CF6BCE14EE78}.Release|Any CPU.ActiveCfg = Release|Any CPU
		{A53445A7-4A3C-40DA-9B16-CF6BCE14EE78}.Release|Any CPU.Build.0 = Release|Any CPU
		{C0F05420-1E55-4F5F-97AB-82EDE0900331}.Debug|Any CPU.ActiveCfg = Debug|Any CPU
		{C0F05420-1E55-4F5F-97AB-82EDE0900331}.Debug|Any CPU.Build.0 = Debug|Any CPU
		{C0F05420-1E55-4F5F-97AB-82EDE0900331}.Release|Any CPU.ActiveCfg = Release|Any CPU
		{C0F05420-1E55-4F5F-97AB-82EDE0900331}.Release|Any CPU.Build.0 = Release|Any CPU
		{06B23BB7-3C82-46DA-8DE7-41CECB9FF97E}.Debug|Any CPU.ActiveCfg = Debug|Any CPU
		{06B23BB7-3C82-46DA-8DE7-41CECB9FF97E}.Debug|Any CPU.Build.0 = Debug|Any CPU
		{06B23BB7-3C82-46DA-8DE7-41CECB9FF97E}.Release|Any CPU.ActiveCfg = Release|Any CPU
		{06B23BB7-3C82-46DA-8DE7-41CECB9FF97E}.Release|Any CPU.Build.0 = Release|Any CPU
		{6E501B76-6143-40FD-B5CF-A44FF5420ED7}.Debug|Any CPU.ActiveCfg = Debug|Any CPU
		{6E501B76-6143-40FD-B5CF-A44FF5420ED7}.Debug|Any CPU.Build.0 = Debug|Any CPU
		{6E501B76-6143-40FD-B5CF-A44FF5420ED7}.Release|Any CPU.ActiveCfg = Release|Any CPU
		{6E501B76-6143-40FD-B5CF-A44FF5420ED7}.Release|Any CPU.Build.0 = Release|Any CPU
		{B83AD80C-BFC0-46FB-8B7F-CC152E29A031}.Debug|Any CPU.ActiveCfg = Debug|Any CPU
		{B83AD80C-BFC0-46FB-8B7F-CC152E29A031}.Debug|Any CPU.Build.0 = Debug|Any CPU
		{B83AD80C-BFC0-46FB-8B7F-CC152E29A031}.Release|Any CPU.ActiveCfg = Release|Any CPU
		{B83AD80C-BFC0-46FB-8B7F-CC152E29A031}.Release|Any CPU.Build.0 = Release|Any CPU
		{960B32A8-6B08-4229-B952-D4EB06E4CD64}.Debug|Any CPU.ActiveCfg = Debug|Any CPU
		{960B32A8-6B08-4229-B952-D4EB06E4CD64}.Debug|Any CPU.Build.0 = Debug|Any CPU
		{960B32A8-6B08-4229-B952-D4EB06E4CD64}.Release|Any CPU.ActiveCfg = Release|Any CPU
		{960B32A8-6B08-4229-B952-D4EB06E4CD64}.Release|Any CPU.Build.0 = Release|Any CPU
		{0ED6FF41-1798-4FF8-9E54-3F9D216B835A}.Debug|Any CPU.ActiveCfg = Debug|Any CPU
		{0ED6FF41-1798-4FF8-9E54-3F9D216B835A}.Debug|Any CPU.Build.0 = Debug|Any CPU
		{0ED6FF41-1798-4FF8-9E54-3F9D216B835A}.Release|Any CPU.ActiveCfg = Release|Any CPU
		{0ED6FF41-1798-4FF8-9E54-3F9D216B835A}.Release|Any CPU.Build.0 = Release|Any CPU
	EndGlobalSection
	GlobalSection(SolutionProperties) = preSolution
		HideSolutionNode = FALSE
	EndGlobalSection
	GlobalSection(ExtensibilityGlobals) = postSolution
		SolutionGuid = {FA6EB388-D75C-438E-A1D4-E87847322CDE}
	EndGlobalSection
EndGlobal
